<?xml version="1.0" encoding="utf-8"?>
<Project ToolsVersion="4.0" xmlns="http://schemas.microsoft.com/developer/msbuild/2003">
  <ItemGroup>
    <Filter Include="리소스 파일">
      <UniqueIdentifier>{67DA6AB6-F800-4c08-8B7A-83BB121AAD01}</UniqueIdentifier>
      <Extensions>rc;ico;cur;bmp;dlg;rc2;rct;bin;rgs;gif;jpg;jpeg;jpe;resx;tiff;tif;png;wav;mfcribbon-ms</Extensions>
    </Filter>
    <Filter Include="Default">
      <UniqueIdentifier>{25a8cc10-b9d6-4d4d-918d-629f76870dba}</UniqueIdentifier>
    </Filter>
    <Filter Include="Engine">
      <UniqueIdentifier>{087c49ef-2399-4ecf-ad8b-4c9f1a7e8626}</UniqueIdentifier>
    </Filter>
    <Filter Include="Engine\01. Core">
      <UniqueIdentifier>{106d1dc4-8732-4d22-97d7-d330a0558151}</UniqueIdentifier>
    </Filter>
    <Filter Include="Engine\03. Object">
      <UniqueIdentifier>{807cd189-2ed2-46d5-ae3b-3e4e82577e41}</UniqueIdentifier>
    </Filter>
    <Filter Include="Engine\04. Scene">
      <UniqueIdentifier>{395c8ae0-4e58-4ec5-a004-a08380537a55}</UniqueIdentifier>
    </Filter>
    <Filter Include="Engine\05. Resource">
      <UniqueIdentifier>{acbb38dc-2aca-40df-835c-b1f81627b08e}</UniqueIdentifier>
    </Filter>
    <Filter Include="Engine\06. Component">
      <UniqueIdentifier>{8f53057e-329d-4fe0-a03a-cd1cfbcf41db}</UniqueIdentifier>
    </Filter>
    <Filter Include="Engine\06. Component\Animation">
      <UniqueIdentifier>{eabc1fd4-bde6-49ab-90d7-1cbd0735fff5}</UniqueIdentifier>
    </Filter>
    <Filter Include="Engine\06. Component\Physics">
      <UniqueIdentifier>{56b0fd93-642b-4a55-bc1b-688901475ff2}</UniqueIdentifier>
    </Filter>
    <Filter Include="Engine\07. UI">
      <UniqueIdentifier>{3c544cd1-5bd3-4ca0-bc4b-aea94e4d35d0}</UniqueIdentifier>
    </Filter>
    <Filter Include="Engine\08. Module">
      <UniqueIdentifier>{c0063c25-bf84-4187-8295-cced11a52f96}</UniqueIdentifier>
    </Filter>
    <Filter Include="Engine\99. Headers">
      <UniqueIdentifier>{cf6d3f33-bfee-4b4e-8331-1ffa88a1a1aa}</UniqueIdentifier>
    </Filter>
    <Filter Include="Engine\02. Manager">
      <UniqueIdentifier>{a490e194-aae4-4b45-87bc-4476989e6c75}</UniqueIdentifier>
    </Filter>
    <Filter Include="Engine\02. Manager\Framework">
      <UniqueIdentifier>{3117f2d1-76b5-4d4e-9c99-0359d91c25d9}</UniqueIdentifier>
    </Filter>
  </ItemGroup>
  <ItemGroup>
    <ClInclude Include="2025_winapi_framework_23.h">
      <Filter>Default</Filter>
    </ClInclude>
    <ClInclude Include="framework.h">
      <Filter>Default</Filter>
    </ClInclude>
    <ClInclude Include="Resource.h">
      <Filter>Default</Filter>
    </ClInclude>
    <ClInclude Include="targetver.h">
      <Filter>Default</Filter>
    </ClInclude>
    <ClInclude Include="Core.h">
      <Filter>Engine\01. Core</Filter>
    </ClInclude>
    <ClInclude Include="Defines.h">
      <Filter>Engine\99. Headers</Filter>
    </ClInclude>
    <ClInclude Include="pch.h">
      <Filter>Engine\99. Headers</Filter>
    </ClInclude>
    <ClInclude Include="BaseWindow.h">
      <Filter>Engine\01. Core</Filter>
    </ClInclude>
    <ClInclude Include="Object.h">
      <Filter>Engine\03. Object</Filter>
    </ClInclude>
    <ClInclude Include="Vec2.h">
      <Filter>Engine\99. Headers</Filter>
    </ClInclude>
    <ClInclude Include="SceneManager.h">
      <Filter>Engine\02. Manager</Filter>
    </ClInclude>
    <ClInclude Include="Scene.h">
      <Filter>Engine\04. Scene</Filter>
    </ClInclude>
    <ClInclude Include="Enums.h">
      <Filter>Engine\99. Headers</Filter>
    </ClInclude>
    <ClInclude Include="DevScene.h">
      <Filter>Engine\04. Scene</Filter>
    </ClInclude>
    <ClInclude Include="Player.h">
      <Filter>Engine\03. Object</Filter>
    </ClInclude>
    <ClInclude Include="Enemy.h">
      <Filter>Engine\03. Object</Filter>
    </ClInclude>
    <ClInclude Include="TestScene.h">
      <Filter>Engine\04. Scene</Filter>
    </ClInclude>
    <ClInclude Include="Projectile.h">
      <Filter>Engine\03. Object</Filter>
    </ClInclude>
    <ClInclude Include="ResourceBase.h">
      <Filter>Engine\05. Resource</Filter>
    </ClInclude>
    <ClInclude Include="Texture.h">
      <Filter>Engine\05. Resource</Filter>
    </ClInclude>
    <ClInclude Include="ResourceManager.h">
      <Filter>Engine\02. Manager</Filter>
    </ClInclude>
    <ClInclude Include="Component.h">
      <Filter>Engine\06. Component</Filter>
    </ClInclude>
    <ClInclude Include="Collider.h">
      <Filter>Engine\06. Component\Physics</Filter>
    </ClInclude>
    <ClInclude Include="GDISelector.h">
      <Filter>Engine\08. Module</Filter>
    </ClInclude>
    <ClInclude Include="InputManager.h">
      <Filter>Engine\02. Manager\Framework</Filter>
    </ClInclude>
    <ClInclude Include="TimeManager.h">
      <Filter>Engine\02. Manager\Framework</Filter>
    </ClInclude>
    <ClInclude Include="CollisionManager.h">
      <Filter>Engine\02. Manager\Framework</Filter>
    </ClInclude>
    <ClInclude Include="Animator.h">
      <Filter>Engine\06. Component\Animation</Filter>
    </ClInclude>
    <ClInclude Include="Animation.h">
      <Filter>Engine\06. Component\Animation</Filter>
    </ClInclude>
    <ClInclude Include="Rigidbody.h">
      <Filter>Engine\06. Component\Physics</Filter>
    </ClInclude>
    <ClInclude Include="Floor.h">
      <Filter>Engine\03. Object</Filter>
    </ClInclude>
  </ItemGroup>
  <ItemGroup>
    <ResourceCompile Include="2025_winapi_framework_23.rc">
      <Filter>리소스 파일</Filter>
    </ResourceCompile>
  </ItemGroup>
  <ItemGroup>
    <Image Include="small.ico">
      <Filter>리소스 파일</Filter>
    </Image>
    <Image Include="2025_winapi_framework_23.ico">
      <Filter>리소스 파일</Filter>
    </Image>
  </ItemGroup>
  <ItemGroup>
    <ClCompile Include="main.cpp">
      <Filter>Engine\01. Core</Filter>
    </ClCompile>
    <ClCompile Include="Core.cpp">
      <Filter>Engine\01. Core</Filter>
    </ClCompile>
    <ClCompile Include="BaseWindow.cpp">
      <Filter>Engine\01. Core</Filter>
    </ClCompile>
    <ClCompile Include="Object.cpp">
      <Filter>Engine\03. Object</Filter>
    </ClCompile>
    <ClCompile Include="SceneManager.cpp">
      <Filter>Engine\02. Manager</Filter>
    </ClCompile>
    <ClCompile Include="Scene.cpp">
      <Filter>Engine\04. Scene</Filter>
    </ClCompile>
    <ClCompile Include="DevScene.cpp">
      <Filter>Engine\04. Scene</Filter>
    </ClCompile>
    <ClCompile Include="Player.cpp">
      <Filter>Engine\03. Object</Filter>
    </ClCompile>
    <ClCompile Include="Enemy.cpp">
      <Filter>Engine\03. Object</Filter>
    </ClCompile>
    <ClCompile Include="TestScene.cpp">
      <Filter>Engine\04. Scene</Filter>
    </ClCompile>
    <ClCompile Include="Projectile.cpp">
      <Filter>Engine\03. Object</Filter>
    </ClCompile>
    <ClCompile Include="ResourceBase.cpp">
      <Filter>Engine\05. Resource</Filter>
    </ClCompile>
    <ClCompile Include="Texture.cpp">
      <Filter>Engine\05. Resource</Filter>
    </ClCompile>
    <ClCompile Include="ResourceManager.cpp">
      <Filter>Engine\02. Manager</Filter>
    </ClCompile>
    <ClCompile Include="Component.cpp">
      <Filter>Engine\06. Component</Filter>
    </ClCompile>
    <ClCompile Include="Collider.cpp">
      <Filter>Engine\06. Component\Physics</Filter>
    </ClCompile>
    <ClCompile Include="GDISelector.cpp">
      <Filter>Engine\08. Module</Filter>
    </ClCompile>
    <ClCompile Include="InputManager.cpp">
      <Filter>Engine\02. Manager\Framework</Filter>
    </ClCompile>
    <ClCompile Include="TimeManager.cpp">
      <Filter>Engine\02. Manager\Framework</Filter>
    </ClCompile>
    <ClCompile Include="CollisionManager.cpp">
      <Filter>Engine\02. Manager\Framework</Filter>
    </ClCompile>
    <ClCompile Include="Animator.cpp">
      <Filter>Engine\06. Component\Animation</Filter>
    </ClCompile>
    <ClCompile Include="Animation.cpp">
      <Filter>Engine\06. Component\Animation</Filter>
    </ClCompile>
    <ClCompile Include="Rigidbody.cpp">
      <Filter>Engine\06. Component\Physics</Filter>
    </ClCompile>
    <ClCompile Include="Floor.cpp">
      <Filter>Engine\03. Object</Filter>
    </ClCompile>
  </ItemGroup>
</Project>